Microsoft Visual Studio Solution File, Format Version 11.00
# Visual Studio 2008

Project("{A462DE12-73F3-4A43-8BC4-82553A4EFF5F}") = "ball Revolution Respaldo -66", "Assembly-CSharp.csproj", "{6691C8AB-0A72-D12E-A5CA-C7A6CAEAD3DF}"
EndProject
Global
	GlobalSection(SolutionConfigurationPlatforms) = preSolution
		Debug|Any CPU = Debug|Any CPU
		Release|Any CPU = Release|Any CPU
	EndGlobalSection
	GlobalSection(ProjectConfigurationPlatforms) = postSolution
		{6691C8AB-0A72-D12E-A5CA-C7A6CAEAD3DF}.Debug|Any CPU.ActiveCfg = Debug|Any CPU
		{6691C8AB-0A72-D12E-A5CA-C7A6CAEAD3DF}.Debug|Any CPU.Build.0 = Debug|Any CPU
		{6691C8AB-0A72-D12E-A5CA-C7A6CAEAD3DF}.Release|Any CPU.ActiveCfg = Release|Any CPU
		{6691C8AB-0A72-D12E-A5CA-C7A6CAEAD3DF}.Release|Any CPU.Build.0 = Release|Any CPU
	EndGlobalSection
	GlobalSection(SolutionProperties) = preSolution
		HideSolutionNode = FALSE
	EndGlobalSection
	GlobalSection(MonoDevelopProperties) = preSolution
		StartupItem = Assembly-CSharp.csproj
	EndGlobalSection
EndGlobal
