
Microsoft Visual Studio Solution File, Format Version 12.00
# Visual Studio 2015
Project("{FAE04EC0-301F-11D3-BF4B-00C04F79EFBC}") = "ball Revolution Respaldo -149.CSharp", "ball Revolution Respaldo -149.CSharp.csproj", "{B8B9CD07-3058-6555-13B2-7D101D46C71B}"
EndProject
Global
	GlobalSection(SolutionConfigurationPlatforms) = preSolution
		Debug|Any CPU = Debug|Any CPU
		Release|Any CPU = Release|Any CPU
	EndGlobalSection
	GlobalSection(ProjectConfigurationPlatforms) = postSolution
		{B8B9CD07-3058-6555-13B2-7D101D46C71B}.Debug|Any CPU.ActiveCfg = Debug|Any CPU
		{B8B9CD07-3058-6555-13B2-7D101D46C71B}.Debug|Any CPU.Build.0 = Debug|Any CPU
		{B8B9CD07-3058-6555-13B2-7D101D46C71B}.Release|Any CPU.ActiveCfg = Release|Any CPU
		{B8B9CD07-3058-6555-13B2-7D101D46C71B}.Release|Any CPU.Build.0 = Release|Any CPU
	EndGlobalSection
	GlobalSection(SolutionProperties) = preSolution
		HideSolutionNode = FALSE
	EndGlobalSection
EndGlobal
