Microsoft Visual Studio Solution File, Format Version 11.00
# Visual Studio 2008

Project("{43BEDBF6-519C-B5DC-6C53-2802D7107688}") = "Ball Ball Revotion - Respaldo 36", "Assembly-CSharp.csproj", "{6BC55A58-1E5C-0671-668B-9DD9E1426462}"
EndProject
Global
	GlobalSection(SolutionConfigurationPlatforms) = preSolution
		Debug|Any CPU = Debug|Any CPU
		Release|Any CPU = Release|Any CPU
	EndGlobalSection
	GlobalSection(ProjectConfigurationPlatforms) = postSolution
		{6BC55A58-1E5C-0671-668B-9DD9E1426462}.Debug|Any CPU.ActiveCfg = Debug|Any CPU
		{6BC55A58-1E5C-0671-668B-9DD9E1426462}.Debug|Any CPU.Build.0 = Debug|Any CPU
		{6BC55A58-1E5C-0671-668B-9DD9E1426462}.Release|Any CPU.ActiveCfg = Release|Any CPU
		{6BC55A58-1E5C-0671-668B-9DD9E1426462}.Release|Any CPU.Build.0 = Release|Any CPU
	EndGlobalSection
	GlobalSection(SolutionProperties) = preSolution
		HideSolutionNode = FALSE
	EndGlobalSection
	GlobalSection(MonoDevelopProperties) = preSolution
		StartupItem = Assembly-CSharp.csproj
	EndGlobalSection
EndGlobal
