Microsoft Visual Studio Solution File, Format Version 11.00
# Visual Studio 2008

Project("{C8B12D38-8F63-4D3A-3020-C34C059D36CA}") = "ball Revolution Respaldo -103", "Assembly-CSharp.csproj", "{0554AC29-C96A-32FB-F9FB-BE66E36574A0}"
EndProject
Global
	GlobalSection(SolutionConfigurationPlatforms) = preSolution
		Debug|Any CPU = Debug|Any CPU
		Release|Any CPU = Release|Any CPU
	EndGlobalSection
	GlobalSection(ProjectConfigurationPlatforms) = postSolution
		{0554AC29-C96A-32FB-F9FB-BE66E36574A0}.Debug|Any CPU.ActiveCfg = Debug|Any CPU
		{0554AC29-C96A-32FB-F9FB-BE66E36574A0}.Debug|Any CPU.Build.0 = Debug|Any CPU
		{0554AC29-C96A-32FB-F9FB-BE66E36574A0}.Release|Any CPU.ActiveCfg = Release|Any CPU
		{0554AC29-C96A-32FB-F9FB-BE66E36574A0}.Release|Any CPU.Build.0 = Release|Any CPU
	EndGlobalSection
	GlobalSection(SolutionProperties) = preSolution
		HideSolutionNode = FALSE
	EndGlobalSection
	GlobalSection(MonoDevelopProperties) = preSolution
		StartupItem = Assembly-CSharp.csproj
	EndGlobalSection
EndGlobal
