Microsoft Visual Studio Solution File, Format Version 11.00
# Visual Studio 2008

Project("{7C4D6C78-6ECB-0B9C-1811-D084CB81C571}") = "ball Revolution Respaldo -125", "Assembly-CSharp.csproj", "{CE7BA901-3C5A-F74A-6971-E302D2469907}"
EndProject
Global
	GlobalSection(SolutionConfigurationPlatforms) = preSolution
		Debug|Any CPU = Debug|Any CPU
		Release|Any CPU = Release|Any CPU
	EndGlobalSection
	GlobalSection(ProjectConfigurationPlatforms) = postSolution
		{CE7BA901-3C5A-F74A-6971-E302D2469907}.Debug|Any CPU.ActiveCfg = Debug|Any CPU
		{CE7BA901-3C5A-F74A-6971-E302D2469907}.Debug|Any CPU.Build.0 = Debug|Any CPU
		{CE7BA901-3C5A-F74A-6971-E302D2469907}.Release|Any CPU.ActiveCfg = Release|Any CPU
		{CE7BA901-3C5A-F74A-6971-E302D2469907}.Release|Any CPU.Build.0 = Release|Any CPU
	EndGlobalSection
	GlobalSection(SolutionProperties) = preSolution
		HideSolutionNode = FALSE
	EndGlobalSection
	GlobalSection(MonoDevelopProperties) = preSolution
		StartupItem = Assembly-CSharp.csproj
	EndGlobalSection
EndGlobal
