Microsoft Visual Studio Solution File, Format Version 11.00
# Visual Studio 2008

Project("{E3721B3F-5AD3-CD75-F3A5-2370AFDCE5B9}") = "Ball Ball Revotion - Respaldo 6", "Assembly-CSharp.csproj", "{F63B9A10-BB08-9AE9-47C1-1BC6EDEC8C22}"
EndProject
Global
	GlobalSection(SolutionConfigurationPlatforms) = preSolution
		Debug|Any CPU = Debug|Any CPU
		Release|Any CPU = Release|Any CPU
	EndGlobalSection
	GlobalSection(ProjectConfigurationPlatforms) = postSolution
		{F63B9A10-BB08-9AE9-47C1-1BC6EDEC8C22}.Debug|Any CPU.ActiveCfg = Debug|Any CPU
		{F63B9A10-BB08-9AE9-47C1-1BC6EDEC8C22}.Debug|Any CPU.Build.0 = Debug|Any CPU
		{F63B9A10-BB08-9AE9-47C1-1BC6EDEC8C22}.Release|Any CPU.ActiveCfg = Release|Any CPU
		{F63B9A10-BB08-9AE9-47C1-1BC6EDEC8C22}.Release|Any CPU.Build.0 = Release|Any CPU
	EndGlobalSection
	GlobalSection(SolutionProperties) = preSolution
		HideSolutionNode = FALSE
	EndGlobalSection
	GlobalSection(MonoDevelopProperties) = preSolution
		StartupItem = Assembly-CSharp.csproj
	EndGlobalSection
EndGlobal
