Microsoft Visual Studio Solution File, Format Version 11.00
# Visual Studio 2008

Project("{C30773CB-F151-C9CF-93B1-35E8782829E0}") = "Ball Ball Revotion - Respaldo 21", "Assembly-CSharp.csproj", "{6387758F-D376-E826-0544-510D3AE9C8B5}"
EndProject
Global
	GlobalSection(SolutionConfigurationPlatforms) = preSolution
		Debug|Any CPU = Debug|Any CPU
		Release|Any CPU = Release|Any CPU
	EndGlobalSection
	GlobalSection(ProjectConfigurationPlatforms) = postSolution
		{6387758F-D376-E826-0544-510D3AE9C8B5}.Debug|Any CPU.ActiveCfg = Debug|Any CPU
		{6387758F-D376-E826-0544-510D3AE9C8B5}.Debug|Any CPU.Build.0 = Debug|Any CPU
		{6387758F-D376-E826-0544-510D3AE9C8B5}.Release|Any CPU.ActiveCfg = Release|Any CPU
		{6387758F-D376-E826-0544-510D3AE9C8B5}.Release|Any CPU.Build.0 = Release|Any CPU
	EndGlobalSection
	GlobalSection(SolutionProperties) = preSolution
		HideSolutionNode = FALSE
	EndGlobalSection
	GlobalSection(MonoDevelopProperties) = preSolution
		StartupItem = Assembly-CSharp.csproj
	EndGlobalSection
EndGlobal
