
Microsoft Visual Studio Solution File, Format Version 12.00
# Visual Studio 2015
Project("{FAE04EC0-301F-11D3-BF4B-00C04F79EFBC}") = "ball Revolution Respaldo -144.CSharp", "ball Revolution Respaldo -144.CSharp.csproj", "{CC507692-DF7B-3217-48B8-50DBC06D3A14}"
EndProject
Global
	GlobalSection(SolutionConfigurationPlatforms) = preSolution
		Debug|Any CPU = Debug|Any CPU
		Release|Any CPU = Release|Any CPU
	EndGlobalSection
	GlobalSection(ProjectConfigurationPlatforms) = postSolution
		{CC507692-DF7B-3217-48B8-50DBC06D3A14}.Debug|Any CPU.ActiveCfg = Debug|Any CPU
		{CC507692-DF7B-3217-48B8-50DBC06D3A14}.Debug|Any CPU.Build.0 = Debug|Any CPU
		{CC507692-DF7B-3217-48B8-50DBC06D3A14}.Release|Any CPU.ActiveCfg = Release|Any CPU
		{CC507692-DF7B-3217-48B8-50DBC06D3A14}.Release|Any CPU.Build.0 = Release|Any CPU
	EndGlobalSection
	GlobalSection(SolutionProperties) = preSolution
		HideSolutionNode = FALSE
	EndGlobalSection
EndGlobal
