Microsoft Visual Studio Solution File, Format Version 11.00
# Visual Studio 2008

Project("{7ED01659-CFF1-ABB8-3956-61B3FC9A415D}") = "ball Revolution Respaldo - 70", "Assembly-CSharp.csproj", "{04FA00AC-21B2-262E-308E-41F22E3C08D4}"
EndProject
Global
	GlobalSection(SolutionConfigurationPlatforms) = preSolution
		Debug|Any CPU = Debug|Any CPU
		Release|Any CPU = Release|Any CPU
	EndGlobalSection
	GlobalSection(ProjectConfigurationPlatforms) = postSolution
		{04FA00AC-21B2-262E-308E-41F22E3C08D4}.Debug|Any CPU.ActiveCfg = Debug|Any CPU
		{04FA00AC-21B2-262E-308E-41F22E3C08D4}.Debug|Any CPU.Build.0 = Debug|Any CPU
		{04FA00AC-21B2-262E-308E-41F22E3C08D4}.Release|Any CPU.ActiveCfg = Release|Any CPU
		{04FA00AC-21B2-262E-308E-41F22E3C08D4}.Release|Any CPU.Build.0 = Release|Any CPU
	EndGlobalSection
	GlobalSection(SolutionProperties) = preSolution
		HideSolutionNode = FALSE
	EndGlobalSection
	GlobalSection(MonoDevelopProperties) = preSolution
		StartupItem = Assembly-CSharp.csproj
	EndGlobalSection
EndGlobal
