Microsoft Visual Studio Solution File, Format Version 11.00
# Visual Studio 2008

Project("{FAE46848-D860-D1CE-EA99-14ACF64A9C75}") = "ball Revolution Respaldo -83", "Assembly-CSharp.csproj", "{6B164CED-D176-6816-13FF-FA145DDDF13E}"
EndProject
Global
	GlobalSection(SolutionConfigurationPlatforms) = preSolution
		Debug|Any CPU = Debug|Any CPU
		Release|Any CPU = Release|Any CPU
	EndGlobalSection
	GlobalSection(ProjectConfigurationPlatforms) = postSolution
		{6B164CED-D176-6816-13FF-FA145DDDF13E}.Debug|Any CPU.ActiveCfg = Debug|Any CPU
		{6B164CED-D176-6816-13FF-FA145DDDF13E}.Debug|Any CPU.Build.0 = Debug|Any CPU
		{6B164CED-D176-6816-13FF-FA145DDDF13E}.Release|Any CPU.ActiveCfg = Release|Any CPU
		{6B164CED-D176-6816-13FF-FA145DDDF13E}.Release|Any CPU.Build.0 = Release|Any CPU
	EndGlobalSection
	GlobalSection(SolutionProperties) = preSolution
		HideSolutionNode = FALSE
	EndGlobalSection
	GlobalSection(MonoDevelopProperties) = preSolution
		StartupItem = Assembly-CSharp.csproj
	EndGlobalSection
EndGlobal
