Microsoft Visual Studio Solution File, Format Version 11.00
# Visual Studio 2008

Project("{4FEC3061-1AE9-302E-F1CD-96BA819E7FF6}") = "ball Revolution Respaldo -119", "Assembly-CSharp.csproj", "{0B01E852-1921-D249-79ED-DA02982F6D79}"
EndProject
Global
	GlobalSection(SolutionConfigurationPlatforms) = preSolution
		Debug|Any CPU = Debug|Any CPU
		Release|Any CPU = Release|Any CPU
	EndGlobalSection
	GlobalSection(ProjectConfigurationPlatforms) = postSolution
		{0B01E852-1921-D249-79ED-DA02982F6D79}.Debug|Any CPU.ActiveCfg = Debug|Any CPU
		{0B01E852-1921-D249-79ED-DA02982F6D79}.Debug|Any CPU.Build.0 = Debug|Any CPU
		{0B01E852-1921-D249-79ED-DA02982F6D79}.Release|Any CPU.ActiveCfg = Release|Any CPU
		{0B01E852-1921-D249-79ED-DA02982F6D79}.Release|Any CPU.Build.0 = Release|Any CPU
	EndGlobalSection
	GlobalSection(SolutionProperties) = preSolution
		HideSolutionNode = FALSE
	EndGlobalSection
	GlobalSection(MonoDevelopProperties) = preSolution
		StartupItem = Assembly-CSharp.csproj
	EndGlobalSection
EndGlobal
