Microsoft Visual Studio Solution File, Format Version 11.00
# Visual Studio 2008

Project("{E9009479-D3F7-36D3-FB4E-150F26ECA205}") = "Ball Ball Revotion - Respaldo 37.5ia", "Assembly-CSharp.csproj", "{DD9E826C-4F39-B350-9642-BC92E22F1D86}"
EndProject
Global
	GlobalSection(SolutionConfigurationPlatforms) = preSolution
		Debug|Any CPU = Debug|Any CPU
		Release|Any CPU = Release|Any CPU
	EndGlobalSection
	GlobalSection(ProjectConfigurationPlatforms) = postSolution
		{DD9E826C-4F39-B350-9642-BC92E22F1D86}.Debug|Any CPU.ActiveCfg = Debug|Any CPU
		{DD9E826C-4F39-B350-9642-BC92E22F1D86}.Debug|Any CPU.Build.0 = Debug|Any CPU
		{DD9E826C-4F39-B350-9642-BC92E22F1D86}.Release|Any CPU.ActiveCfg = Release|Any CPU
		{DD9E826C-4F39-B350-9642-BC92E22F1D86}.Release|Any CPU.Build.0 = Release|Any CPU
	EndGlobalSection
	GlobalSection(SolutionProperties) = preSolution
		HideSolutionNode = FALSE
	EndGlobalSection
	GlobalSection(MonoDevelopProperties) = preSolution
		StartupItem = Assembly-CSharp.csproj
	EndGlobalSection
EndGlobal
