Microsoft Visual Studio Solution File, Format Version 11.00
# Visual Studio 2008

Project("{01B9067A-354D-D479-F69C-2BACC9569DD2}") = "ball Revolution Respaldo - 73", "Assembly-CSharp.csproj", "{10A993B1-0D95-6B2C-AB3D-DBAA4B08B9D6}"
EndProject
Global
	GlobalSection(SolutionConfigurationPlatforms) = preSolution
		Debug|Any CPU = Debug|Any CPU
		Release|Any CPU = Release|Any CPU
	EndGlobalSection
	GlobalSection(ProjectConfigurationPlatforms) = postSolution
		{10A993B1-0D95-6B2C-AB3D-DBAA4B08B9D6}.Debug|Any CPU.ActiveCfg = Debug|Any CPU
		{10A993B1-0D95-6B2C-AB3D-DBAA4B08B9D6}.Debug|Any CPU.Build.0 = Debug|Any CPU
		{10A993B1-0D95-6B2C-AB3D-DBAA4B08B9D6}.Release|Any CPU.ActiveCfg = Release|Any CPU
		{10A993B1-0D95-6B2C-AB3D-DBAA4B08B9D6}.Release|Any CPU.Build.0 = Release|Any CPU
	EndGlobalSection
	GlobalSection(SolutionProperties) = preSolution
		HideSolutionNode = FALSE
	EndGlobalSection
	GlobalSection(MonoDevelopProperties) = preSolution
		StartupItem = Assembly-CSharp.csproj
	EndGlobalSection
EndGlobal
