Microsoft Visual Studio Solution File, Format Version 11.00
# Visual Studio 2008

Project("{3FAF9007-926D-B897-BA7A-1AF506D4A5E4}") = "ball Revolution Respaldo - 76", "Assembly-CSharp.csproj", "{447402D0-C58B-E81A-F634-C54E436BBAB8}"
EndProject
Global
	GlobalSection(SolutionConfigurationPlatforms) = preSolution
		Debug|Any CPU = Debug|Any CPU
		Release|Any CPU = Release|Any CPU
	EndGlobalSection
	GlobalSection(ProjectConfigurationPlatforms) = postSolution
		{447402D0-C58B-E81A-F634-C54E436BBAB8}.Debug|Any CPU.ActiveCfg = Debug|Any CPU
		{447402D0-C58B-E81A-F634-C54E436BBAB8}.Debug|Any CPU.Build.0 = Debug|Any CPU
		{447402D0-C58B-E81A-F634-C54E436BBAB8}.Release|Any CPU.ActiveCfg = Release|Any CPU
		{447402D0-C58B-E81A-F634-C54E436BBAB8}.Release|Any CPU.Build.0 = Release|Any CPU
	EndGlobalSection
	GlobalSection(SolutionProperties) = preSolution
		HideSolutionNode = FALSE
	EndGlobalSection
	GlobalSection(MonoDevelopProperties) = preSolution
		StartupItem = Assembly-CSharp.csproj
	EndGlobalSection
EndGlobal
