
Microsoft Visual Studio Solution File, Format Version 12.00
# Visual Studio 2015
Project("{FAE04EC0-301F-11D3-BF4B-00C04F79EFBC}") = "ball Revolution Respaldo -137.CSharp", "ball Revolution Respaldo -137.CSharp.csproj", "{D7AAD182-8BC8-BAA9-8FBE-E1258EBDFD3E}"
EndProject
Global
	GlobalSection(SolutionConfigurationPlatforms) = preSolution
		Debug|Any CPU = Debug|Any CPU
		Release|Any CPU = Release|Any CPU
	EndGlobalSection
	GlobalSection(ProjectConfigurationPlatforms) = postSolution
		{D7AAD182-8BC8-BAA9-8FBE-E1258EBDFD3E}.Debug|Any CPU.ActiveCfg = Debug|Any CPU
		{D7AAD182-8BC8-BAA9-8FBE-E1258EBDFD3E}.Debug|Any CPU.Build.0 = Debug|Any CPU
		{D7AAD182-8BC8-BAA9-8FBE-E1258EBDFD3E}.Release|Any CPU.ActiveCfg = Release|Any CPU
		{D7AAD182-8BC8-BAA9-8FBE-E1258EBDFD3E}.Release|Any CPU.Build.0 = Release|Any CPU
	EndGlobalSection
	GlobalSection(SolutionProperties) = preSolution
		HideSolutionNode = FALSE
	EndGlobalSection
EndGlobal
