Microsoft Visual Studio Solution File, Format Version 11.00
# Visual Studio 2008

Project("{5D1F0FC1-0506-3073-6D88-0DA31C52837B}") = "ball Revolution Respaldo -99", "Assembly-CSharp.csproj", "{442CCA74-D1D1-120A-E474-272FFF761809}"
EndProject
Global
	GlobalSection(SolutionConfigurationPlatforms) = preSolution
		Debug|Any CPU = Debug|Any CPU
		Release|Any CPU = Release|Any CPU
	EndGlobalSection
	GlobalSection(ProjectConfigurationPlatforms) = postSolution
		{442CCA74-D1D1-120A-E474-272FFF761809}.Debug|Any CPU.ActiveCfg = Debug|Any CPU
		{442CCA74-D1D1-120A-E474-272FFF761809}.Debug|Any CPU.Build.0 = Debug|Any CPU
		{442CCA74-D1D1-120A-E474-272FFF761809}.Release|Any CPU.ActiveCfg = Release|Any CPU
		{442CCA74-D1D1-120A-E474-272FFF761809}.Release|Any CPU.Build.0 = Release|Any CPU
	EndGlobalSection
	GlobalSection(SolutionProperties) = preSolution
		HideSolutionNode = FALSE
	EndGlobalSection
	GlobalSection(MonoDevelopProperties) = preSolution
		StartupItem = Assembly-CSharp.csproj
	EndGlobalSection
EndGlobal
